
Microsoft Visual Studio Solution File, Format Version 12.00
# Visual Studio 14
VisualStudioVersion = 14.0.25420.1
MinimumVisualStudioVersion = 10.0.40219.1
Project("{8BC9CEB8-8B4A-11D0-8D11-00A0C91BC942}") = "HelloGitHub", "HelloGitHub\HelloGitHub.vcxproj", "{3CD0C17F-B9AC-400B-8CBC-9839CB77B8EB}"
EndProject
Project("{8BC9CEB8-8B4A-11D0-8D11-00A0C91BC942}") = "RandomEnemyGenerator", "RandomEnemyGenerator\RandomEnemyGenerator.vcxproj", "{B49AF758-129C-4815-975E-9B2955279647}"
EndProject
Project("{8BC9CEB8-8B4A-11D0-8D11-00A0C91BC942}") = "TheWalkingDead", "TheWalkingDead\TheWalkingDead.vcxproj", "{CB2DA271-7778-4F31-8BAD-4F1A2144E9B5}"
EndProject
Project("{8BC9CEB8-8B4A-11D0-8D11-00A0C91BC942}") = "DynArray", "DynArray\DynArray.vcxproj", "{62EE6AA4-115F-4F30-B829-ACBE65804D71}"
EndProject
Project("{8BC9CEB8-8B4A-11D0-8D11-00A0C91BC942}") = "Vectores", "Vectores\Vectores.vcxproj", "{ADAD06D9-2A66-49CC-B130-3F6A05800294}"
EndProject
Project("{8BC9CEB8-8B4A-11D0-8D11-00A0C91BC942}") = "PlayerRankingBo", "PlayerRankingBo\PlayerRankingBo.vcxproj", "{8F296A30-7774-4DC3-8CF5-6A51333814E7}"
EndProject
Project("{8BC9CEB8-8B4A-11D0-8D11-00A0C91BC942}") = "Stack", "Stack\Stack.vcxproj", "{28772023-FC83-4F4A-8A00-B76FB58E11F4}"
EndProject
Project("{8BC9CEB8-8B4A-11D0-8D11-00A0C91BC942}") = "listclass", "listclass\listclass.vcxproj", "{BCB3A88C-1151-40BE-B9CB-697BE07611F9}"
EndProject
Project("{8BC9CEB8-8B4A-11D0-8D11-00A0C91BC942}") = "A10", "A10\A10.vcxproj", "{39ED4FD5-A4EB-42C4-BF0A-D074813BA32D}"
EndProject
Global
	GlobalSection(SolutionConfigurationPlatforms) = preSolution
		Debug|x64 = Debug|x64
		Debug|x86 = Debug|x86
		Release|x64 = Release|x64
		Release|x86 = Release|x86
	EndGlobalSection
	GlobalSection(ProjectConfigurationPlatforms) = postSolution
		{3CD0C17F-B9AC-400B-8CBC-9839CB77B8EB}.Debug|x64.ActiveCfg = Debug|x64
		{3CD0C17F-B9AC-400B-8CBC-9839CB77B8EB}.Debug|x64.Build.0 = Debug|x64
		{3CD0C17F-B9AC-400B-8CBC-9839CB77B8EB}.Debug|x86.ActiveCfg = Debug|Win32
		{3CD0C17F-B9AC-400B-8CBC-9839CB77B8EB}.Debug|x86.Build.0 = Debug|Win32
		{3CD0C17F-B9AC-400B-8CBC-9839CB77B8EB}.Release|x64.ActiveCfg = Release|x64
		{3CD0C17F-B9AC-400B-8CBC-9839CB77B8EB}.Release|x64.Build.0 = Release|x64
		{3CD0C17F-B9AC-400B-8CBC-9839CB77B8EB}.Release|x86.ActiveCfg = Release|Win32
		{3CD0C17F-B9AC-400B-8CBC-9839CB77B8EB}.Release|x86.Build.0 = Release|Win32
		{B49AF758-129C-4815-975E-9B2955279647}.Debug|x64.ActiveCfg = Debug|x64
		{B49AF758-129C-4815-975E-9B2955279647}.Debug|x64.Build.0 = Debug|x64
		{B49AF758-129C-4815-975E-9B2955279647}.Debug|x86.ActiveCfg = Debug|Win32
		{B49AF758-129C-4815-975E-9B2955279647}.Debug|x86.Build.0 = Debug|Win32
		{B49AF758-129C-4815-975E-9B2955279647}.Release|x64.ActiveCfg = Release|x64
		{B49AF758-129C-4815-975E-9B2955279647}.Release|x64.Build.0 = Release|x64
		{B49AF758-129C-4815-975E-9B2955279647}.Release|x86.ActiveCfg = Release|Win32
		{B49AF758-129C-4815-975E-9B2955279647}.Release|x86.Build.0 = Release|Win32
		{CB2DA271-7778-4F31-8BAD-4F1A2144E9B5}.Debug|x64.ActiveCfg = Debug|x64
		{CB2DA271-7778-4F31-8BAD-4F1A2144E9B5}.Debug|x64.Build.0 = Debug|x64
		{CB2DA271-7778-4F31-8BAD-4F1A2144E9B5}.Debug|x86.ActiveCfg = Debug|Win32
		{CB2DA271-7778-4F31-8BAD-4F1A2144E9B5}.Debug|x86.Build.0 = Debug|Win32
		{CB2DA271-7778-4F31-8BAD-4F1A2144E9B5}.Release|x64.ActiveCfg = Release|x64
		{CB2DA271-7778-4F31-8BAD-4F1A2144E9B5}.Release|x64.Build.0 = Release|x64
		{CB2DA271-7778-4F31-8BAD-4F1A2144E9B5}.Release|x86.ActiveCfg = Release|Win32
		{CB2DA271-7778-4F31-8BAD-4F1A2144E9B5}.Release|x86.Build.0 = Release|Win32
		{62EE6AA4-115F-4F30-B829-ACBE65804D71}.Debug|x64.ActiveCfg = Debug|x64
		{62EE6AA4-115F-4F30-B829-ACBE65804D71}.Debug|x64.Build.0 = Debug|x64
		{62EE6AA4-115F-4F30-B829-ACBE65804D71}.Debug|x86.ActiveCfg = Debug|Win32
		{62EE6AA4-115F-4F30-B829-ACBE65804D71}.Debug|x86.Build.0 = Debug|Win32
		{62EE6AA4-115F-4F30-B829-ACBE65804D71}.Release|x64.ActiveCfg = Release|x64
		{62EE6AA4-115F-4F30-B829-ACBE65804D71}.Release|x64.Build.0 = Release|x64
		{62EE6AA4-115F-4F30-B829-ACBE65804D71}.Release|x86.ActiveCfg = Release|Win32
		{62EE6AA4-115F-4F30-B829-ACBE65804D71}.Release|x86.Build.0 = Release|Win32
		{ADAD06D9-2A66-49CC-B130-3F6A05800294}.Debug|x64.ActiveCfg = Debug|x64
		{ADAD06D9-2A66-49CC-B130-3F6A05800294}.Debug|x64.Build.0 = Debug|x64
		{ADAD06D9-2A66-49CC-B130-3F6A05800294}.Debug|x86.ActiveCfg = Debug|Win32
		{ADAD06D9-2A66-49CC-B130-3F6A05800294}.Debug|x86.Build.0 = Debug|Win32
		{ADAD06D9-2A66-49CC-B130-3F6A05800294}.Release|x64.ActiveCfg = Release|x64
		{ADAD06D9-2A66-49CC-B130-3F6A05800294}.Release|x64.Build.0 = Release|x64
		{ADAD06D9-2A66-49CC-B130-3F6A05800294}.Release|x86.ActiveCfg = Release|Win32
		{ADAD06D9-2A66-49CC-B130-3F6A05800294}.Release|x86.Build.0 = Release|Win32
		{8F296A30-7774-4DC3-8CF5-6A51333814E7}.Debug|x64.ActiveCfg = Debug|x64
		{8F296A30-7774-4DC3-8CF5-6A51333814E7}.Debug|x64.Build.0 = Debug|x64
		{8F296A30-7774-4DC3-8CF5-6A51333814E7}.Debug|x86.ActiveCfg = Debug|Win32
		{8F296A30-7774-4DC3-8CF5-6A51333814E7}.Debug|x86.Build.0 = Debug|Win32
		{8F296A30-7774-4DC3-8CF5-6A51333814E7}.Release|x64.ActiveCfg = Release|x64
		{8F296A30-7774-4DC3-8CF5-6A51333814E7}.Release|x64.Build.0 = Release|x64
		{8F296A30-7774-4DC3-8CF5-6A51333814E7}.Release|x86.ActiveCfg = Release|Win32
		{8F296A30-7774-4DC3-8CF5-6A51333814E7}.Release|x86.Build.0 = Release|Win32
		{28772023-FC83-4F4A-8A00-B76FB58E11F4}.Debug|x64.ActiveCfg = Debug|x64
		{28772023-FC83-4F4A-8A00-B76FB58E11F4}.Debug|x64.Build.0 = Debug|x64
		{28772023-FC83-4F4A-8A00-B76FB58E11F4}.Debug|x86.ActiveCfg = Debug|Win32
		{28772023-FC83-4F4A-8A00-B76FB58E11F4}.Debug|x86.Build.0 = Debug|Win32
		{28772023-FC83-4F4A-8A00-B76FB58E11F4}.Release|x64.ActiveCfg = Release|x64
		{28772023-FC83-4F4A-8A00-B76FB58E11F4}.Release|x64.Build.0 = Release|x64
		{28772023-FC83-4F4A-8A00-B76FB58E11F4}.Release|x86.ActiveCfg = Release|Win32
		{28772023-FC83-4F4A-8A00-B76FB58E11F4}.Release|x86.Build.0 = Release|Win32
		{BCB3A88C-1151-40BE-B9CB-697BE07611F9}.Debug|x64.ActiveCfg = Debug|x64
		{BCB3A88C-1151-40BE-B9CB-697BE07611F9}.Debug|x64.Build.0 = Debug|x64
		{BCB3A88C-1151-40BE-B9CB-697BE07611F9}.Debug|x86.ActiveCfg = Debug|Win32
		{BCB3A88C-1151-40BE-B9CB-697BE07611F9}.Debug|x86.Build.0 = Debug|Win32
		{BCB3A88C-1151-40BE-B9CB-697BE07611F9}.Release|x64.ActiveCfg = Release|x64
		{BCB3A88C-1151-40BE-B9CB-697BE07611F9}.Release|x64.Build.0 = Release|x64
		{BCB3A88C-1151-40BE-B9CB-697BE07611F9}.Release|x86.ActiveCfg = Release|Win32
		{BCB3A88C-1151-40BE-B9CB-697BE07611F9}.Release|x86.Build.0 = Release|Win32
		{39ED4FD5-A4EB-42C4-BF0A-D074813BA32D}.Debug|x64.ActiveCfg = Debug|x64
		{39ED4FD5-A4EB-42C4-BF0A-D074813BA32D}.Debug|x64.Build.0 = Debug|x64
		{39ED4FD5-A4EB-42C4-BF0A-D074813BA32D}.Debug|x86.ActiveCfg = Debug|Win32
		{39ED4FD5-A4EB-42C4-BF0A-D074813BA32D}.Debug|x86.Build.0 = Debug|Win32
		{39ED4FD5-A4EB-42C4-BF0A-D074813BA32D}.Release|x64.ActiveCfg = Release|x64
		{39ED4FD5-A4EB-42C4-BF0A-D074813BA32D}.Release|x64.Build.0 = Release|x64
		{39ED4FD5-A4EB-42C4-BF0A-D074813BA32D}.Release|x86.ActiveCfg = Release|Win32
		{39ED4FD5-A4EB-42C4-BF0A-D074813BA32D}.Release|x86.Build.0 = Release|Win32
	EndGlobalSection
	GlobalSection(SolutionProperties) = preSolution
		HideSolutionNode = FALSE
	EndGlobalSection
EndGlobal
